
Microsoft Visual Studio Solution File, Format Version 12.00
# Visual Studio Version 17
VisualStudioVersion = 17.5.33516.290
MinimumVisualStudioVersion = 10.0.40219.1
Project("{2150E333-8FDC-42A3-9474-1A3956D46DE8}") = "backend", "backend", "{2DAE924D-0F08-4C30-A6DB-718772D494C7}"
EndProject
Project("{9A19103F-16F7-4668-BE54-9A1E7A4F7556}") = "PrimeTableware.ASPNET.API", "ASP.NET Core API\PrimeTableware.ASPNET.API\PrimeTableware.ASPNET.API.csproj", "{E613CD65-EE34-41E5-979B-1D657F779BC9}"
EndProject
Project("{9A19103F-16F7-4668-BE54-9A1E7A4F7556}") = "PrimeTableware.ASPNET.Application", "ASP.NET Core API\PrimeTableware.ASPNET.Application\PrimeTableware.ASPNET.Application.csproj", "{9359A3DC-6DC4-408D-B13D-15A8221DE39B}"
EndProject
Project("{9A19103F-16F7-4668-BE54-9A1E7A4F7556}") = "PrimeTableware.ASPNET.Domain", "ASP.NET Core API\PrimeTableware.ASPNET.Domain\PrimeTableware.ASPNET.Domain.csproj", "{BA23E37C-ACA0-45ED-B7CC-F1F7BFF512B9}"
EndProject
Project("{9A19103F-16F7-4668-BE54-9A1E7A4F7556}") = "PrimeTableware.ASPNET.Infrastructure", "ASP.NET Core API\PrimeTableware.ASPNET.Infrastructure\PrimeTableware.ASPNET.Infrastructure.csproj", "{E507E659-015B-43F4-AEAD-B4A958058BC2}"
EndProject
Global
	GlobalSection(SolutionConfigurationPlatforms) = preSolution
		Debug|Any CPU = Debug|Any CPU
		Release|Any CPU = Release|Any CPU
	EndGlobalSection
	GlobalSection(ProjectConfigurationPlatforms) = postSolution
		{E613CD65-EE34-41E5-979B-1D657F779BC9}.Debug|Any CPU.ActiveCfg = Debug|Any CPU
		{E613CD65-EE34-41E5-979B-1D657F779BC9}.Debug|Any CPU.Build.0 = Debug|Any CPU
		{E613CD65-EE34-41E5-979B-1D657F779BC9}.Release|Any CPU.ActiveCfg = Release|Any CPU
		{E613CD65-EE34-41E5-979B-1D657F779BC9}.Release|Any CPU.Build.0 = Release|Any CPU
		{9359A3DC-6DC4-408D-B13D-15A8221DE39B}.Debug|Any CPU.ActiveCfg = Debug|Any CPU
		{9359A3DC-6DC4-408D-B13D-15A8221DE39B}.Debug|Any CPU.Build.0 = Debug|Any CPU
		{9359A3DC-6DC4-408D-B13D-15A8221DE39B}.Release|Any CPU.ActiveCfg = Release|Any CPU
		{9359A3DC-6DC4-408D-B13D-15A8221DE39B}.Release|Any CPU.Build.0 = Release|Any CPU
		{BA23E37C-ACA0-45ED-B7CC-F1F7BFF512B9}.Debug|Any CPU.ActiveCfg = Debug|Any CPU
		{BA23E37C-ACA0-45ED-B7CC-F1F7BFF512B9}.Debug|Any CPU.Build.0 = Debug|Any CPU
		{BA23E37C-ACA0-45ED-B7CC-F1F7BFF512B9}.Release|Any CPU.ActiveCfg = Release|Any CPU
		{BA23E37C-ACA0-45ED-B7CC-F1F7BFF512B9}.Release|Any CPU.Build.0 = Release|Any CPU
		{E507E659-015B-43F4-AEAD-B4A958058BC2}.Debug|Any CPU.ActiveCfg = Debug|Any CPU
		{E507E659-015B-43F4-AEAD-B4A958058BC2}.Debug|Any CPU.Build.0 = Debug|Any CPU
		{E507E659-015B-43F4-AEAD-B4A958058BC2}.Release|Any CPU.ActiveCfg = Release|Any CPU
		{E507E659-015B-43F4-AEAD-B4A958058BC2}.Release|Any CPU.Build.0 = Release|Any CPU
	EndGlobalSection
	GlobalSection(SolutionProperties) = preSolution
		HideSolutionNode = FALSE
	EndGlobalSection
	GlobalSection(NestedProjects) = preSolution
		{E613CD65-EE34-41E5-979B-1D657F779BC9} = {2DAE924D-0F08-4C30-A6DB-718772D494C7}
		{9359A3DC-6DC4-408D-B13D-15A8221DE39B} = {2DAE924D-0F08-4C30-A6DB-718772D494C7}
		{BA23E37C-ACA0-45ED-B7CC-F1F7BFF512B9} = {2DAE924D-0F08-4C30-A6DB-718772D494C7}
		{E507E659-015B-43F4-AEAD-B4A958058BC2} = {2DAE924D-0F08-4C30-A6DB-718772D494C7}
	EndGlobalSection
	GlobalSection(ExtensibilityGlobals) = postSolution
		SolutionGuid = {90D778D8-D4AE-43E2-B5CC-9EB2119FE95F}
	EndGlobalSection
EndGlobal
