
Microsoft Visual Studio Solution File, Format Version 12.00
# Visual Studio Version 17
VisualStudioVersion = 17.5.002.0
MinimumVisualStudioVersion = 10.0.40219.1
Project("{9A19103F-16F7-4668-BE54-9A1E7A4F7556}") = "PrimeTableware.ASPNET.API", "PrimeTableware.ASPNET.API\PrimeTableware.ASPNET.API.csproj", "{355D2839-C237-475A-B101-BDD9F0C8660F}"
EndProject
Project("{9A19103F-16F7-4668-BE54-9A1E7A4F7556}") = "PrimeTableware.ASPNET.Application", "PrimeTableware.ASPNET.Application\PrimeTableware.ASPNET.Application.csproj", "{3EDAA22E-E57E-4957-A06A-2DBC06012295}"
EndProject
Project("{9A19103F-16F7-4668-BE54-9A1E7A4F7556}") = "PrimeTableware.ASPNET.Domain", "PrimeTableware.ASPNET.Domain\PrimeTableware.ASPNET.Domain.csproj", "{88DE8D4E-8613-4E6E-AD58-983D4791F70E}"
EndProject
Project("{9A19103F-16F7-4668-BE54-9A1E7A4F7556}") = "PrimeTableware.ASPNET.Infrastructure", "PrimeTableware.ASPNET.Infrastructure\PrimeTableware.ASPNET.Infrastructure.csproj", "{28B7F252-B5A9-40E7-B90A-A2F2C4601267}"
EndProject
Global
	GlobalSection(SolutionConfigurationPlatforms) = preSolution
		Debug|Any CPU = Debug|Any CPU
		Release|Any CPU = Release|Any CPU
	EndGlobalSection
	GlobalSection(ProjectConfigurationPlatforms) = postSolution
		{355D2839-C237-475A-B101-BDD9F0C8660F}.Debug|Any CPU.ActiveCfg = Debug|Any CPU
		{355D2839-C237-475A-B101-BDD9F0C8660F}.Debug|Any CPU.Build.0 = Debug|Any CPU
		{355D2839-C237-475A-B101-BDD9F0C8660F}.Release|Any CPU.ActiveCfg = Release|Any CPU
		{355D2839-C237-475A-B101-BDD9F0C8660F}.Release|Any CPU.Build.0 = Release|Any CPU
		{3EDAA22E-E57E-4957-A06A-2DBC06012295}.Debug|Any CPU.ActiveCfg = Debug|Any CPU
		{3EDAA22E-E57E-4957-A06A-2DBC06012295}.Debug|Any CPU.Build.0 = Debug|Any CPU
		{3EDAA22E-E57E-4957-A06A-2DBC06012295}.Release|Any CPU.ActiveCfg = Release|Any CPU
		{3EDAA22E-E57E-4957-A06A-2DBC06012295}.Release|Any CPU.Build.0 = Release|Any CPU
		{88DE8D4E-8613-4E6E-AD58-983D4791F70E}.Debug|Any CPU.ActiveCfg = Debug|Any CPU
		{88DE8D4E-8613-4E6E-AD58-983D4791F70E}.Debug|Any CPU.Build.0 = Debug|Any CPU
		{88DE8D4E-8613-4E6E-AD58-983D4791F70E}.Release|Any CPU.ActiveCfg = Release|Any CPU
		{88DE8D4E-8613-4E6E-AD58-983D4791F70E}.Release|Any CPU.Build.0 = Release|Any CPU
		{28B7F252-B5A9-40E7-B90A-A2F2C4601267}.Debug|Any CPU.ActiveCfg = Debug|Any CPU
		{28B7F252-B5A9-40E7-B90A-A2F2C4601267}.Debug|Any CPU.Build.0 = Debug|Any CPU
		{28B7F252-B5A9-40E7-B90A-A2F2C4601267}.Release|Any CPU.ActiveCfg = Release|Any CPU
		{28B7F252-B5A9-40E7-B90A-A2F2C4601267}.Release|Any CPU.Build.0 = Release|Any CPU
	EndGlobalSection
	GlobalSection(SolutionProperties) = preSolution
		HideSolutionNode = FALSE
	EndGlobalSection
	GlobalSection(ExtensibilityGlobals) = postSolution
		SolutionGuid = {A30D2335-A51E-4579-8594-7D4A110B77DD}
	EndGlobalSection
EndGlobal
